// !$*UTF8*$!
{
	archiveVersion = 1;
	classes = {
	};
	objectVersion = 46;
	objects = {

/* Begin PBXBuildFile section */
		68DA7D551BF1DD1D00E02C18 /* main.m in Sources */ = {isa = PBXBuildFile; fileRef = 68DA7D541BF1DD1D00E02C18 /* main.m */; };
		68DA7D581BF1DD1D00E02C18 /* AppDelegate.m in Sources */ = {isa = PBXBuildFile; fileRef = 68DA7D571BF1DD1D00E02C18 /* AppDelegate.m */; };
		68DA7D5B1BF1DD1D00E02C18 /* ViewController.m in Sources */ = {isa = PBXBuildFile; fileRef = 68DA7D5A1BF1DD1D00E02C18 /* ViewController.m */; };
		68DA7D5E1BF1DD1D00E02C18 /* Main.storyboard in Resources */ = {isa = PBXBuildFile; fileRef = 68DA7D5C1BF1DD1D00E02C18 /* Main.storyboard */; };
		68DA7D601BF1DD1D00E02C18 /* Assets.xcassets in Resources */ = {isa = PBXBuildFile; fileRef = 68DA7D5F1BF1DD1D00E02C18 /* Assets.xcassets */; };
		68DA7D631BF1DD1D00E02C18 /* LaunchScreen.storyboard in Resources */ = {isa = PBXBuildFile; fileRef = 68DA7D611BF1DD1D00E02C18 /* LaunchScreen.storyboard */; };
		68DA7D6E1BF1DD1D00E02C18 /* DDDashLineTests.m in Sources */ = {isa = PBXBuildFile; fileRef = 68DA7D6D1BF1DD1D00E02C18 /* DDDashLineTests.m */; };
		68DA7D791BF1DD1D00E02C18 /* DDDashLineUITests.m in Sources */ = {isa = PBXBuildFile; fileRef = 68DA7D781BF1DD1D00E02C18 /* DDDashLineUITests.m */; };
		68DA7D891BF1DDE500E02C18 /* DDDashLine.m in Sources */ = {isa = PBXBuildFile; fileRef = 68DA7D881BF1DDE500E02C18 /* DDDashLine.m */; };
/* End PBXBuildFile section */

/* Begin PBXContainerItemProxy section */
		68DA7D6A1BF1DD1D00E02C18 /* PBXContainerItemProxy */ = {
			isa = PBXContainerItemProxy;
			containerPortal = 68DA7D481BF1DD1D00E02C18 /* Project object */;
			proxyType = 1;
			remoteGlobalIDString = 68DA7D4F1BF1DD1D00E02C18;
			remoteInfo = DDDashLine;
		};
		68DA7D751BF1DD1D00E02C18 /* PBXContainerItemProxy */ = {
			isa = PBXContainerItemProxy;
			containerPortal = 68DA7D481BF1DD1D00E02C18 /* Project object */;
			proxyType = 1;
			remoteGlobalIDString = 68DA7D4F1BF1DD1D00E02C18;
			remoteInfo = DDDashLine;
		};
/* End PBXContainerItemProxy section */

/* Begin PBXFileReference section */
		68DA7D501BF1DD1D00E02C18 /* DDDashLine.app */ = {isa = PBXFileReference; explicitFileType = wrapper.application; includeInIndex = 0; path = DDDashLine.app; sourceTree = BUILT_PRODUCTS_DIR; };
		68DA7D541BF1DD1D00E02C18 /* main.m */ = {isa = PBXFileReference; lastKnownFileType = sourcecode.c.objc; path = main.m; sourceTree = "<group>"; };
		68DA7D561BF1DD1D00E02C18 /* AppDelegate.h */ = {isa = PBXFileReference; lastKnownFileType = sourcecode.c.h; path = AppDelegate.h; sourceTree = "<group>"; };
		68DA7D571BF1DD1D00E02C18 /* AppDelegate.m */ = {isa = PBXFileReference; lastKnownFileType = sourcecode.c.objc; path = AppDelegate.m; sourceTree = "<group>"; };
		68DA7D591BF1DD1D00E02C18 /* ViewController.h */ = {isa = PBXFileReference; lastKnownFileType = sourcecode.c.h; path = ViewController.h; sourceTree = "<group>"; };
		68DA7D5A1BF1DD1D00E02C18 /* ViewController.m */ = {isa = PBXFileReference; lastKnownFileType = sourcecode.c.objc; path = ViewController.m; sourceTree = "<group>"; };
		68DA7D5D1BF1DD1D00E02C18 /* Base */ = {isa = PBXFileReference; lastKnownFileType = file.storyboard; name = Base; path = Base.lproj/Main.storyboard; sourceTree = "<group>"; };
		68DA7D5F1BF1DD1D00E02C18 /* Assets.xcassets */ = {isa = PBXFileReference; lastKnownFileType = folder.assetcatalog; path = Assets.xcassets; sourceTree = "<group>"; };
		68DA7D621BF1DD1D00E02C18 /* Base */ = {isa = PBXFileReference; lastKnownFileType = file.storyboard; name = Base; path = Base.lproj/LaunchScreen.storyboard; sourceTree = "<group>"; };
		68DA7D641BF1DD1D00E02C18 /* Info.plist */ = {isa = PBXFileReference; lastKnownFileType = text.plist.xml; path = Info.plist; sourceTree = "<group>"; };
		68DA7D691BF1DD1D00E02C18 /* DDDashLineTests.xctest */ = {isa = PBXFileReference; explicitFileType = wrapper.cfbundle; includeInIndex = 0; path = DDDashLineTests.xctest; sourceTree = BUILT_PRODUCTS_DIR; };
		68DA7D6D1BF1DD1D00E02C18 /* DDDashLineTests.m */ = {isa = PBXFileReference; lastKnownFileType = sourcecode.c.objc; path = DDDashLineTests.m; sourceTree = "<group>"; };
		68DA7D6F1BF1DD1D00E02C18 /* Info.plist */ = {isa = PBXFileReference; lastKnownFileType = text.plist.xml; path = Info.plist; sourceTree = "<group>"; };
		68DA7D741BF1DD1D00E02C18 /* DDDashLineUITests.xctest */ = {isa = PBXFileReference; explicitFileType = wrapper.cfbundle; includeInIndex = 0; path = DDDashLineUITests.xctest; sourceTree = BUILT_PRODUCTS_DIR; };
		68DA7D781BF1DD1D00E02C18 /* DDDashLineUITests.m */ = {isa = PBXFileReference; lastKnownFileType = sourcecode.c.objc; path = DDDashLineUITests.m; sourceTree = "<group>"; };
		68DA7D7A1BF1DD1D00E02C18 /* Info.plist */ = {isa = PBXFileReference; lastKnownFileType = text.plist.xml; path = Info.plist; sourceTree = "<group>"; };
		68DA7D871BF1DDE500E02C18 /* DDDashLine.h */ = {isa = PBXFileReference; fileEncoding = 4; lastKnownFileType = sourcecode.c.h; path = DDDashLine.h; sourceTree = "<group>"; };
		68DA7D881BF1DDE500E02C18 /* DDDashLine.m */ = {isa = PBXFileReference; fileEncoding = 4; lastKnownFileType = sourcecode.c.objc; path = DDDashLine.m; sourceTree = "<group>"; };
/* End PBXFileReference section */

/* Begin PBXFrameworksBuildPhase section */
		68DA7D4D1BF1DD1D00E02C18 /* Frameworks */ = {
			isa = PBXFrameworksBuildPhase;
			buildActionMask = 2147483647;
			files = (
			);
			runOnlyForDeploymentPostprocessing = 0;
		};
		68DA7D661BF1DD1D00E02C18 /* Frameworks */ = {
			isa = PBXFrameworksBuildPhase;
			buildActionMask = 2147483647;
			files = (
			);
			runOnlyForDeploymentPostprocessing = 0;
		};
		68DA7D711BF1DD1D00E02C18 /* Frameworks */ = {
			isa = PBXFrameworksBuildPhase;
			buildActionMask = 2147483647;
			files = (
			);
			runOnlyForDeploymentPostprocessing = 0;
		};
/* End PBXFrameworksBuildPhase section */

/* Begin PBXGroup section */
		68DA7D471BF1DD1D00E02C18 = {
			isa = PBXGroup;
			children = (
				68DA7D521BF1DD1D00E02C18 /* DDDashLine */,
				68DA7D6C1BF1DD1D00E02C18 /* DDDashLineTests */,
				68DA7D771BF1DD1D00E02C18 /* DDDashLineUITests */,
				68DA7D511BF1DD1D00E02C18 /* Products */,
			);
			sourceTree = "<group>";
		};
		68DA7D511BF1DD1D00E02C18 /* Products */ = {
			isa = PBXGroup;
			children = (
				68DA7D501BF1DD1D00E02C18 /* DDDashLine.app */,
				68DA7D691BF1DD1D00E02C18 /* DDDashLineTests.xctest */,
				68DA7D741BF1DD1D00E02C18 /* DDDashLineUITests.xctest */,
			);
			name = Products;
			sourceTree = "<group>";
		};
		68DA7D521BF1DD1D00E02C18 /* DDDashLine */ = {
			isa = PBXGroup;
			children = (
				68DA7D861BF1DDE500E02C18 /* SRC */,
				68DA7D561BF1DD1D00E02C18 /* AppDelegate.h */,
				68DA7D571BF1DD1D00E02C18 /* AppDelegate.m */,
				68DA7D591BF1DD1D00E02C18 /* ViewController.h */,
				68DA7D5A1BF1DD1D00E02C18 /* ViewController.m */,
				68DA7D5C1BF1DD1D00E02C18 /* Main.storyboard */,
				68DA7D5F1BF1DD1D00E02C18 /* Assets.xcassets */,
				68DA7D611BF1DD1D00E02C18 /* LaunchScreen.storyboard */,
				68DA7D641BF1DD1D00E02C18 /* Info.plist */,
				68DA7D531BF1DD1D00E02C18 /* Supporting Files */,
			);
			path = DDDashLine;
			sourceTree = "<group>";
		};
		68DA7D531BF1DD1D00E02C18 /* Supporting Files */ = {
			isa = PBXGroup;
			children = (
				68DA7D541BF1DD1D00E02C18 /* main.m */,
			);
			name = "Supporting Files";
			sourceTree = "<group>";
		};
		68DA7D6C1BF1DD1D00E02C18 /* DDDashLineTests */ = {
			isa = PBXGroup;
			children = (
				68DA7D6D1BF1DD1D00E02C18 /* DDDashLineTests.m */,
				68DA7D6F1BF1DD1D00E02C18 /* Info.plist */,
			);
			path = DDDashLineTests;
			sourceTree = "<group>";
		};
		68DA7D771BF1DD1D00E02C18 /* DDDashLineUITests */ = {
			isa = PBXGroup;
			children = (
				68DA7D781BF1DD1D00E02C18 /* DDDashLineUITests.m */,
				68DA7D7A1BF1DD1D00E02C18 /* Info.plist */,
			);
			path = DDDashLineUITests;
			sourceTree = "<group>";
		};
		68DA7D861BF1DDE500E02C18 /* SRC */ = {
			isa = PBXGroup;
			children = (
				68DA7D871BF1DDE500E02C18 /* DDDashLine.h */,
				68DA7D881BF1DDE500E02C18 /* DDDashLine.m */,
			);
			path = SRC;
			sourceTree = "<group>";
		};
/* End PBXGroup section */

/* Begin PBXNativeTarget section */
		68DA7D4F1BF1DD1D00E02C18 /* DDDashLine */ = {
			isa = PBXNativeTarget;
			buildConfigurationList = 68DA7D7D1BF1DD1D00E02C18 /* Build configuration list for PBXNativeTarget "DDDashLine" */;
			buildPhases = (
				68DA7D4C1BF1DD1D00E02C18 /* Sources */,
				68DA7D4D1BF1DD1D00E02C18 /* Frameworks */,
				68DA7D4E1BF1DD1D00E02C18 /* Resources */,
			);
			buildRules = (
			);
			dependencies = (
			);
			name = DDDashLine;
			productName = DDDashLine;
			productReference = 68DA7D501BF1DD1D00E02C18 /* DDDashLine.app */;
			productType = "com.apple.product-type.application";
		};
		68DA7D681BF1DD1D00E02C18 /* DDDashLineTests */ = {
			isa = PBXNativeTarget;
			buildConfigurationList = 68DA7D801BF1DD1D00E02C18 /* Build configuration list for PBXNativeTarget "DDDashLineTests" */;
			buildPhases = (
				68DA7D651BF1DD1D00E02C18 /* Sources */,
				68DA7D661BF1DD1D00E02C18 /* Frameworks */,
				68DA7D671BF1DD1D00E02C18 /* Resources */,
			);
			buildRules = (
			);
			dependencies = (
				68DA7D6B1BF1DD1D00E02C18 /* PBXTargetDependency */,
			);
			name = DDDashLineTests;
			productName = DDDashLineTests;
			productReference = 68DA7D691BF1DD1D00E02C18 /* DDDashLineTests.xctest */;
			productType = "com.apple.product-type.bundle.unit-test";
		};
		68DA7D731BF1DD1D00E02C18 /* DDDashLineUITests */ = {
			isa = PBXNativeTarget;
			buildConfigurationList = 68DA7D831BF1DD1D00E02C18 /* Build configuration list for PBXNativeTarget "DDDashLineUITests" */;
			buildPhases = (
				68DA7D701BF1DD1D00E02C18 /* Sources */,
				68DA7D711BF1DD1D00E02C18 /* Frameworks */,
				68DA7D721BF1DD1D00E02C18 /* Resources */,
			);
			buildRules = (
			);
			dependencies = (
				68DA7D761BF1DD1D00E02C18 /* PBXTargetDependency */,
			);
			name = DDDashLineUITests;
			productName = DDDashLineUITests;
			productReference = 68DA7D741BF1DD1D00E02C18 /* DDDashLineUITests.xctest */;
			productType = "com.apple.product-type.bundle.ui-testing";
		};
/* End PBXNativeTarget section */

/* Begin PBXProject section */
		68DA7D481BF1DD1D00E02C18 /* Project object */ = {
			isa = PBXProject;
			attributes = {
				LastUpgradeCheck = 0710;
				ORGANIZATIONNAME = DeepDevelop;
				TargetAttributes = {
					68DA7D4F1BF1DD1D00E02C18 = {
						CreatedOnToolsVersion = 7.1.1;
					};
					68DA7D681BF1DD1D00E02C18 = {
						CreatedOnToolsVersion = 7.1.1;
						TestTargetID = 68DA7D4F1BF1DD1D00E02C18;
					};
					68DA7D731BF1DD1D00E02C18 = {
						CreatedOnToolsVersion = 7.1.1;
						TestTargetID = 68DA7D4F1BF1DD1D00E02C18;
					};
				};
			};
			buildConfigurationList = 68DA7D4B1BF1DD1D00E02C18 /* Build configuration list for PBXProject "DDDashLine" */;
			compatibilityVersion = "Xcode 3.2";
			developmentRegion = English;
			hasScannedForEncodings = 0;
			knownRegions = (
				en,
				Base,
			);
			mainGroup = 68DA7D471BF1DD1D00E02C18;
			productRefGroup = 68DA7D511BF1DD1D00E02C18 /* Products */;
			projectDirPath = "";
			projectRoot = "";
			targets = (
				68DA7D4F1BF1DD1D00E02C18 /* DDDashLine */,
				68DA7D681BF1DD1D00E02C18 /* DDDashLineTests */,
				68DA7D731BF1DD1D00E02C18 /* DDDashLineUITests */,
			);
		};
/* End PBXProject section */

/* Begin PBXResourcesBuildPhase section */
		68DA7D4E1BF1DD1D00E02C18 /* Resources */ = {
			isa = PBXResourcesBuildPhase;
			buildActionMask = 2147483647;
			files = (
				68DA7D631BF1DD1D00E02C18 /* LaunchScreen.storyboard in Resources */,
				68DA7D601BF1DD1D00E02C18 /* Assets.xcassets in Resources */,
				68DA7D5E1BF1DD1D00E02C18 /* Main.storyboard in Resources */,
			);
			runOnlyForDeploymentPostprocessing = 0;
		};
		68DA7D671BF1DD1D00E02C18 /* Resources */ = {
			isa = PBXResourcesBuildPhase;
			buildActionMask = 2147483647;
			files = (
			);
			runOnlyForDeploymentPostprocessing = 0;
		};
		68DA7D721BF1DD1D00E02C18 /* Resources */ = {
			isa = PBXResourcesBuildPhase;
			buildActionMask = 2147483647;
			files = (
			);
			runOnlyForDeploymentPostprocessing = 0;
		};
/* End PBXResourcesBuildPhase section */

/* Begin PBXSourcesBuildPhase section */
		68DA7D4C1BF1DD1D00E02C18 /* Sources */ = {
			isa = PBXSourcesBuildPhase;
			buildActionMask = 2147483647;
			files = (
				68DA7D5B1BF1DD1D00E02C18 /* ViewController.m in Sources */,
				68DA7D581BF1DD1D00E02C18 /* AppDelegate.m in Sources */,
				68DA7D551BF1DD1D00E02C18 /* main.m in Sources */,
				68DA7D891BF1DDE500E02C18 /* DDDashLine.m in Sources */,
			);
			runOnlyForDeploymentPostprocessing = 0;
		};
		68DA7D651BF1DD1D00E02C18 /* Sources */ = {
			isa = PBXSourcesBuildPhase;
			buildActionMask = 2147483647;
			files = (
				68DA7D6E1BF1DD1D00E02C18 /* DDDashLineTests.m in Sources */,
			);
			runOnlyForDeploymentPostprocessing = 0;
		};
		68DA7D701BF1DD1D00E02C18 /* Sources */ = {
			isa = PBXSourcesBuildPhase;
			buildActionMask = 2147483647;
			files = (
				68DA7D791BF1DD1D00E02C18 /* DDDashLineUITests.m in Sources */,
			);
			runOnlyForDeploymentPostprocessing = 0;
		};
/* End PBXSourcesBuildPhase section */

/* Begin PBXTargetDependency section */
		68DA7D6B1BF1DD1D00E02C18 /* PBXTargetDependency */ = {
			isa = PBXTargetDependency;
			target = 68DA7D4F1BF1DD1D00E02C18 /* DDDashLine */;
			targetProxy = 68DA7D6A1BF1DD1D00E02C18 /* PBXContainerItemProxy */;
		};
		68DA7D761BF1DD1D00E02C18 /* PBXTargetDependency */ = {
			isa = PBXTargetDependency;
			target = 68DA7D4F1BF1DD1D00E02C18 /* DDDashLine */;
			targetProxy = 68DA7D751BF1DD1D00E02C18 /* PBXContainerItemProxy */;
		};
/* End PBXTargetDependency section */

/* Begin PBXVariantGroup section */
		68DA7D5C1BF1DD1D00E02C18 /* Main.storyboard */ = {
			isa = PBXVariantGroup;
			children = (
				68DA7D5D1BF1DD1D00E02C18 /* Base */,
			);
			name = Main.storyboard;
			sourceTree = "<group>";
		};
		68DA7D611BF1DD1D00E02C18 /* LaunchScreen.storyboard */ = {
			isa = PBXVariantGroup;
			children = (
				68DA7D621BF1DD1D00E02C18 /* Base */,
			);
			name = LaunchScreen.storyboard;
			sourceTree = "<group>";
		};
/* End PBXVariantGroup section */

/* Begin XCBuildConfiguration section */
		68DA7D7B1BF1DD1D00E02C18 /* Debug */ = {
			isa = XCBuildConfiguration;
			buildSettings = {
				ALWAYS_SEARCH_USER_PATHS = NO;
				CLANG_CXX_LANGUAGE_STANDARD = "gnu++0x";
				CLANG_CXX_LIBRARY = "libc++";
				CLANG_ENABLE_MODULES = YES;
				CLANG_ENABLE_OBJC_ARC = YES;
				CLANG_WARN_BOOL_CONVERSION = YES;
				CLANG_WARN_CONSTANT_CONVERSION = YES;
				CLANG_WARN_DIRECT_OBJC_ISA_USAGE = YES_ERROR;
				CLANG_WARN_EMPTY_BODY = YES;
				CLANG_WARN_ENUM_CONVERSION = YES;
				CLANG_WARN_INT_CONVERSION = YES;
				CLANG_WARN_OBJC_ROOT_CLASS = YES_ERROR;
				CLANG_WARN_UNREACHABLE_CODE = YES;
				CLANG_WARN__DUPLICATE_METHOD_MATCH = YES;
				"CODE_SIGN_IDENTITY[sdk=iphoneos*]" = "iPhone Developer";
				COPY_PHASE_STRIP = NO;
				DEBUG_INFORMATION_FORMAT = dwarf;
				ENABLE_STRICT_OBJC_MSGSEND = YES;
				ENABLE_TESTABILITY = YES;
				GCC_C_LANGUAGE_STANDARD = gnu99;
				GCC_DYNAMIC_NO_PIC = NO;
				GCC_NO_COMMON_BLOCKS = YES;
				GCC_OPTIMIZATION_LEVEL = 0;
				GCC_PREPROCESSOR_DEFINITIONS = (
					"DEBUG=1",
					"$(inherited)",
				);
				GCC_WARN_64_TO_32_BIT_CONVERSION = YES;
				GCC_WARN_ABOUT_RETURN_TYPE = YES_ERROR;
				GCC_WARN_UNDECLARED_SELECTOR = YES;
				GCC_WARN_UNINITIALIZED_AUTOS = YES_AGGRESSIVE;
				GCC_WARN_UNUSED_FUNCTION = YES;
				GCC_WARN_UNUSED_VARIABLE = YES;
				IPHONEOS_DEPLOYMENT_TARGET = 9.1;
				MTL_ENABLE_DEBUG_INFO = YES;
				ONLY_ACTIVE_ARCH = YES;
				SDKROOT = iphoneos;
				TARGETED_DEVICE_FAMILY = "1,2";
			};
			name = Debug;
		};
		68DA7D7C1BF1DD1D00E02C18 /* Release */ = {
			isa = XCBuildConfiguration;
			buildSettings = {
				ALWAYS_SEARCH_USER_PATHS = NO;
				CLANG_CXX_LANGUAGE_STANDARD = "gnu++0x";
				CLANG_CXX_LIBRARY = "libc++";
				CLANG_ENABLE_MODULES = YES;
				CLANG_ENABLE_OBJC_ARC = YES;
				CLANG_WARN_BOOL_CONVERSION = YES;
				CLANG_WARN_CONSTANT_CONVERSION = YES;
				CLANG_WARN_DIRECT_OBJC_ISA_USAGE = YES_ERROR;
				CLANG_WARN_EMPTY_BODY = YES;
				CLANG_WARN_ENUM_CONVERSION = YES;
				CLANG_WARN_INT_CONVERSION = YES;
				CLANG_WARN_OBJC_ROOT_CLASS = YES_ERROR;
				CLANG_WARN_UNREACHABLE_CODE = YES;
				CLANG_WARN__DUPLICATE_METHOD_MATCH = YES;
				"CODE_SIGN_IDENTITY[sdk=iphoneos*]" = "iPhone Developer";
				COPY_PHASE_STRIP = NO;
				DEBUG_INFORMATION_FORMAT = "dwarf-with-dsym";
				ENABLE_NS_ASSERTIONS = NO;
				ENABLE_STRICT_OBJC_MSGSEND = YES;
				GCC_C_LANGUAGE_STANDARD = gnu99;
				GCC_NO_COMMON_BLOCKS = YES;
				GCC_WARN_64_TO_32_BIT_CONVERSION = YES;
				GCC_WARN_ABOUT_RETURN_TYPE = YES_ERROR;
				GCC_WARN_UNDECLARED_SELECTOR = YES;
				GCC_WARN_UNINITIALIZED_AUTOS = YES_AGGRESSIVE;
				GCC_WARN_UNUSED_FUNCTION = YES;
				GCC_WARN_UNUSED_VARIABLE = YES;
				IPHONEOS_DEPLOYMENT_TARGET = 9.1;
				MTL_ENABLE_DEBUG_INFO = NO;
				SDKROOT = iphoneos;
				TARGETED_DEVICE_FAMILY = "1,2";
				VALIDATE_PRODUCT = YES;
			};
			name = Release;
		};
		68DA7D7E1BF1DD1D00E02C18 /* Debug */ = {
			isa = XCBuildConfiguration;
			buildSettings = {
				ASSETCATALOG_COMPILER_APPICON_NAME = AppIcon;
				INFOPLIST_FILE = DDDashLine/Info.plist;
				LD_RUNPATH_SEARCH_PATHS = "$(inherited) @executable_path/Frameworks";
				PRODUCT_BUNDLE_IDENTIFIER = com.deepdevelop.DDDashLine;
				PRODUCT_NAME = "$(TARGET_NAME)";
			};
			name = Debug;
		};
		68DA7D7F1BF1DD1D00E02C18 /* Release */ = {
			isa = XCBuildConfiguration;
			buildSettings = {
				ASSETCATALOG_COMPILER_APPICON_NAME = AppIcon;
				INFOPLIST_FILE = DDDashLine/Info.plist;
				LD_RUNPATH_SEARCH_PATHS = "$(inherited) @executable_path/Frameworks";
				PRODUCT_BUNDLE_IDENTIFIER = com.deepdevelop.DDDashLine;
				PRODUCT_NAME = "$(TARGET_NAME)";
			};
			name = Release;
		};
		68DA7D811BF1DD1D00E02C18 /* Debug */ = {
			isa = XCBuildConfiguration;
			buildSettings = {
				BUNDLE_LOADER = "$(TEST_HOST)";
				INFOPLIST_FILE = DDDashLineTests/Info.plist;
				LD_RUNPATH_SEARCH_PATHS = "$(inherited) @executable_path/Frameworks @loader_path/Frameworks";
				PRODUCT_BUNDLE_IDENTIFIER = com.deepdevelop.DDDashLineTests;
				PRODUCT_NAME = "$(TARGET_NAME)";
				TEST_HOST = "$(BUILT_PRODUCTS_DIR)/DDDashLine.app/DDDashLine";
			};
			name = Debug;
		};
		68DA7D821BF1DD1D00E02C18 /* Release */ = {
			isa = XCBuildConfiguration;
			buildSettings = {
				BUNDLE_LOADER = "$(TEST_HOST)";
				INFOPLIST_FILE = DDDashLineTests/Info.plist;
				LD_RUNPATH_SEARCH_PATHS = "$(inherited) @executable_path/Frameworks @loader_path/Frameworks";
				PRODUCT_BUNDLE_IDENTIFIER = com.deepdevelop.DDDashLineTests;
				PRODUCT_NAME = "$(TARGET_NAME)";
				TEST_HOST = "$(BUILT_PRODUCTS_DIR)/DDDashLine.app/DDDashLine";
			};
			name = Release;
		};
		68DA7D841BF1DD1D00E02C18 /* Debug */ = {
			isa = XCBuildConfiguration;
			buildSettings = {
				INFOPLIST_FILE = DDDashLineUITests/Info.plist;
				LD_RUNPATH_SEARCH_PATHS = "$(inherited) @executable_path/Frameworks @loader_path/Frameworks";
				PRODUCT_BUNDLE_IDENTIFIER = com.deepdevelop.DDDashLineUITests;
				PRODUCT_NAME = "$(TARGET_NAME)";
				TEST_TARGET_NAME = DDDashLine;
				USES_XCTRUNNER = YES;
			};
			name = Debug;
		};
		68DA7D851BF1DD1D00E02C18 /* Release */ = {
			isa = XCBuildConfiguration;
			buildSettings = {
				INFOPLIST_FILE = DDDashLineUITests/Info.plist;
				LD_RUNPATH_SEARCH_PATHS = "$(inherited) @executable_path/Frameworks @loader_path/Frameworks";
				PRODUCT_BUNDLE_IDENTIFIER = com.deepdevelop.DDDashLineUITests;
				PRODUCT_NAME = "$(TARGET_NAME)";
				TEST_TARGET_NAME = DDDashLine;
				USES_XCTRUNNER = YES;
			};
			name = Release;
		};
/* End XCBuildConfiguration section */

/* Begin XCConfigurationList section */
		68DA7D4B1BF1DD1D00E02C18 /* Build configuration list for PBXProject "DDDashLine" */ = {
			isa = XCConfigurationList;
			buildConfigurations = (
				68DA7D7B1BF1DD1D00E02C18 /* Debug */,
				68DA7D7C1BF1DD1D00E02C18 /* Release */,
			);
			defaultConfigurationIsVisible = 0;
			defaultConfigurationName = Release;
		};
		68DA7D7D1BF1DD1D00E02C18 /* Build configuration list for PBXNativeTarget "DDDashLine" */ = {
			isa = XCConfigurationList;
			buildConfigurations = (
				68DA7D7E1BF1DD1D00E02C18 /* Debug */,
				68DA7D7F1BF1DD1D00E02C18 /* Release */,
			);
			defaultConfigurationIsVisible = 0;
			defaultConfigurationName = Release;
		};
		68DA7D801BF1DD1D00E02C18 /* Build configuration list for PBXNativeTarget "DDDashLineTests" */ = {
			isa = XCConfigurationList;
			buildConfigurations = (
				68DA7D811BF1DD1D00E02C18 /* Debug */,
				68DA7D821BF1DD1D00E02C18 /* Release */,
			);
			defaultConfigurationIsVisible = 0;
			defaultConfigurationName = Release;
		};
		68DA7D831BF1DD1D00E02C18 /* Build configuration list for PBXNativeTarget "DDDashLineUITests" */ = {
			isa = XCConfigurationList;
			buildConfigurations = (
				68DA7D841BF1DD1D00E02C18 /* Debug */,
				68DA7D851BF1DD1D00E02C18 /* Release */,
			);
			defaultConfigurationIsVisible = 0;
			defaultConfigurationName = Release;
		};
/* End XCConfigurationList section */
	};
	rootObject = 68DA7D481BF1DD1D00E02C18 /* Project object */;
}
